{
  "name": "kotoyomi",
  "version": "0.0.1",
  "lockfileVersion": 3,
  "requires": true,
  "packages": {
    "": {
      "name": "kotoyomi",
      "version": "0.0.1",
      "dependencies": {
        "@takahashim/mruby-wasm-js": "^0.1.0"
      }
    },
    "node_modules/@takahashim/mruby-wasm-js": {
      "version": "0.1.0",
      "resolved": "https://registry.npmjs.org/@takahashim/mruby-wasm-js/-/mruby-wasm-js-0.1.0.tgz",
      "integrity": "sha512-kB5ZlvBFr5HdRYLbMPMlsLG7IzKN09ez0RNa+RDlCPI/FnlLpptoElbr4Z+AbTZNYTJqOOUNVdcrPtVL12U8Aw==",
      "license": "MIT",
      "engines": {
        "node": ">=18"
      }
    }
  }
}
